// !$*UTF8*$!
{
	archiveVersion = 1;
	classes = {
	};
	objectVersion = 55;
	objects = {

/* Begin PBXBuildFile section */
		B12AB8D2297DA7520054E377 /* AppDelegate.swift in Sources */ = {isa = PBXBuildFile; fileRef = B12AB8D1297DA7520054E377 /* AppDelegate.swift */; };
		B12AB8D4297DA7520054E377 /* SceneDelegate.swift in Sources */ = {isa = PBXBuildFile; fileRef = B12AB8D3297DA7520054E377 /* SceneDelegate.swift */; };
		B12AB8D9297DA7520054E377 /* Main.storyboard in Resources */ = {isa = PBXBuildFile; fileRef = B12AB8D7297DA7520054E377 /* Main.storyboard */; };
		B12AB8DB297DA7540054E377 /* Assets.xcassets in Resources */ = {isa = PBXBuildFile; fileRef = B12AB8DA297DA7540054E377 /* Assets.xcassets */; };
		B12AB8DE297DA7540054E377 /* LaunchScreen.storyboard in Resources */ = {isa = PBXBuildFile; fileRef = B12AB8DC297DA7540054E377 /* LaunchScreen.storyboard */; };
		B1CE745A297F04FC0035E7F1 /* NotesViewController.swift in Sources */ = {isa = PBXBuildFile; fileRef = B1CE7459297F04FC0035E7F1 /* NotesViewController.swift */; };
		B1CE745C29806DE00035E7F1 /* createElements.swift in Sources */ = {isa = PBXBuildFile; fileRef = B1CE745B29806DE00035E7F1 /* createElements.swift */; };
		B1CE745E2981C45C0035E7F1 /* СreateNoteViewController.swift in Sources */ = {isa = PBXBuildFile; fileRef = B1CE745D2981C45B0035E7F1 /* СreateNoteViewController.swift */; };
		EDCA8869A4C8B0282F55177A /* Pods_CFT_Notes.framework in Frameworks */ = {isa = PBXBuildFile; fileRef = 4FD36DA34EE3F325598A4506 /* Pods_CFT_Notes.framework */; };
/* End PBXBuildFile section */

/* Begin PBXFileReference section */
		4FD36DA34EE3F325598A4506 /* Pods_CFT_Notes.framework */ = {isa = PBXFileReference; explicitFileType = wrapper.framework; includeInIndex = 0; path = Pods_CFT_Notes.framework; sourceTree = BUILT_PRODUCTS_DIR; };
		B12AB8CE297DA7520054E377 /* CFT Notes.app */ = {isa = PBXFileReference; explicitFileType = wrapper.application; includeInIndex = 0; path = "CFT Notes.app"; sourceTree = BUILT_PRODUCTS_DIR; };
		B12AB8D1297DA7520054E377 /* AppDelegate.swift */ = {isa = PBXFileReference; lastKnownFileType = sourcecode.swift; path = AppDelegate.swift; sourceTree = "<group>"; };
		B12AB8D3297DA7520054E377 /* SceneDelegate.swift */ = {isa = PBXFileReference; lastKnownFileType = sourcecode.swift; path = SceneDelegate.swift; sourceTree = "<group>"; };
		B12AB8D8297DA7520054E377 /* Base */ = {isa = PBXFileReference; lastKnownFileType = file.storyboard; name = Base; path = Base.lproj/Main.storyboard; sourceTree = "<group>"; };
		B12AB8DA297DA7540054E377 /* Assets.xcassets */ = {isa = PBXFileReference; lastKnownFileType = folder.assetcatalog; path = Assets.xcassets; sourceTree = "<group>"; };
		B12AB8DD297DA7540054E377 /* Base */ = {isa = PBXFileReference; lastKnownFileType = file.storyboard; name = Base; path = Base.lproj/LaunchScreen.storyboard; sourceTree = "<group>"; };
		B12AB8DF297DA7540054E377 /* Info.plist */ = {isa = PBXFileReference; lastKnownFileType = text.plist.xml; path = Info.plist; sourceTree = "<group>"; };
		B1CE7459297F04FC0035E7F1 /* NotesViewController.swift */ = {isa = PBXFileReference; fileEncoding = 4; lastKnownFileType = sourcecode.swift; name = NotesViewController.swift; path = "CFT Notes/NotesViewController.swift"; sourceTree = "<group>"; };
		B1CE745B29806DE00035E7F1 /* createElements.swift */ = {isa = PBXFileReference; lastKnownFileType = sourcecode.swift; path = createElements.swift; sourceTree = "<group>"; };
		B1CE745D2981C45B0035E7F1 /* СreateNoteViewController.swift */ = {isa = PBXFileReference; lastKnownFileType = sourcecode.swift; path = "СreateNoteViewController.swift"; sourceTree = "<group>"; };
		C6B414D77111987AC26BFE75 /* Pods-CFT Notes.debug.xcconfig */ = {isa = PBXFileReference; includeInIndex = 1; lastKnownFileType = text.xcconfig; name = "Pods-CFT Notes.debug.xcconfig"; path = "Target Support Files/Pods-CFT Notes/Pods-CFT Notes.debug.xcconfig"; sourceTree = "<group>"; };
		DAA442F9E259B55E113198FF /* Pods-CFT Notes.release.xcconfig */ = {isa = PBXFileReference; includeInIndex = 1; lastKnownFileType = text.xcconfig; name = "Pods-CFT Notes.release.xcconfig"; path = "Target Support Files/Pods-CFT Notes/Pods-CFT Notes.release.xcconfig"; sourceTree = "<group>"; };
/* End PBXFileReference section */

/* Begin PBXFrameworksBuildPhase section */
		B12AB8CB297DA7520054E377 /* Frameworks */ = {
			isa = PBXFrameworksBuildPhase;
			buildActionMask = 2147483647;
			files = (
				EDCA8869A4C8B0282F55177A /* Pods_CFT_Notes.framework in Frameworks */,
			);
			runOnlyForDeploymentPostprocessing = 0;
		};
/* End PBXFrameworksBuildPhase section */

/* Begin PBXGroup section */
		B12AB8C5297DA7520054E377 = {
			isa = PBXGroup;
			children = (
				B12AB8D0297DA7520054E377 /* CFT Notes */,
				B12AB8CF297DA7520054E377 /* Products */,
				C915F0836C4FC11613A11FE9 /* Pods */,
				FD74013034D5596D0F7792E0 /* Frameworks */,
			);
			sourceTree = "<group>";
		};
		B12AB8CF297DA7520054E377 /* Products */ = {
			isa = PBXGroup;
			children = (
				B12AB8CE297DA7520054E377 /* CFT Notes.app */,
			);
			name = Products;
			sourceTree = "<group>";
		};
		B12AB8D0297DA7520054E377 /* CFT Notes */ = {
			isa = PBXGroup;
			children = (
				B12AB8D1297DA7520054E377 /* AppDelegate.swift */,
				B12AB8D3297DA7520054E377 /* SceneDelegate.swift */,
				B1E4D4BC2986EBA7000237C5 /* VC */,
				B1E4D4BB2986EB98000237C5 /* View */,
				B12AB8D7297DA7520054E377 /* Main.storyboard */,
				B12AB8DA297DA7540054E377 /* Assets.xcassets */,
				B12AB8DC297DA7540054E377 /* LaunchScreen.storyboard */,
				B12AB8DF297DA7540054E377 /* Info.plist */,
			);
			path = "CFT Notes";
			sourceTree = "<group>";
		};
		B1E4D4BB2986EB98000237C5 /* View */ = {
			isa = PBXGroup;
			children = (
				B1CE745B29806DE00035E7F1 /* createElements.swift */,
			);
			name = View;
			path = ..;
			sourceTree = "<group>";
		};
		B1E4D4BC2986EBA7000237C5 /* VC */ = {
			isa = PBXGroup;
			children = (
				B1CE7459297F04FC0035E7F1 /* NotesViewController.swift */,
				B1CE745D2981C45B0035E7F1 /* СreateNoteViewController.swift */,
			);
			name = VC;
			path = ..;
			sourceTree = "<group>";
		};
		C915F0836C4FC11613A11FE9 /* Pods */ = {
			isa = PBXGroup;
			children = (
				C6B414D77111987AC26BFE75 /* Pods-CFT Notes.debug.xcconfig */,
				DAA442F9E259B55E113198FF /* Pods-CFT Notes.release.xcconfig */,
			);
			path = Pods;
			sourceTree = "<group>";
		};
		FD74013034D5596D0F7792E0 /* Frameworks */ = {
			isa = PBXGroup;
			children = (
				4FD36DA34EE3F325598A4506 /* Pods_CFT_Notes.framework */,
			);
			name = Frameworks;
			sourceTree = "<group>";
		};
/* End PBXGroup section */

/* Begin PBXNativeTarget section */
		B12AB8CD297DA7520054E377 /* CFT Notes */ = {
			isa = PBXNativeTarget;
			buildConfigurationList = B12AB8E2297DA7540054E377 /* Build configuration list for PBXNativeTarget "CFT Notes" */;
			buildPhases = (
				BEF4D0840786281E3A3E7131 /* [CP] Check Pods Manifest.lock */,
				B12AB8CA297DA7520054E377 /* Sources */,
				B12AB8CB297DA7520054E377 /* Frameworks */,
				B12AB8CC297DA7520054E377 /* Resources */,
				E1277A8BC4A8598B3091A433 /* [CP] Embed Pods Frameworks */,
			);
			buildRules = (
			);
			dependencies = (
			);
			name = "CFT Notes";
			productName = "CFT Notes";
			productReference = B12AB8CE297DA7520054E377 /* CFT Notes.app */;
			productType = "com.apple.product-type.application";
		};
/* End PBXNativeTarget section */

/* Begin PBXProject section */
		B12AB8C6297DA7520054E377 /* Project object */ = {
			isa = PBXProject;
			attributes = {
				BuildIndependentTargetsInParallel = 1;
				LastSwiftUpdateCheck = 1400;
				LastUpgradeCheck = 1400;
				TargetAttributes = {
					B12AB8CD297DA7520054E377 = {
						CreatedOnToolsVersion = 14.0.1;
					};
				};
			};
			buildConfigurationList = B12AB8C9297DA7520054E377 /* Build configuration list for PBXProject "CFT Notes" */;
			compatibilityVersion = "Xcode 13.0";
			developmentRegion = en;
			hasScannedForEncodings = 0;
			knownRegions = (
				en,
				Base,
			);
			mainGroup = B12AB8C5297DA7520054E377;
			productRefGroup = B12AB8CF297DA7520054E377 /* Products */;
			projectDirPath = "";
			projectRoot = "";
			targets = (
				B12AB8CD297DA7520054E377 /* CFT Notes */,
			);
		};
/* End PBXProject section */

/* Begin PBXResourcesBuildPhase section */
		B12AB8CC297DA7520054E377 /* Resources */ = {
			isa = PBXResourcesBuildPhase;
			buildActionMask = 2147483647;
			files = (
				B12AB8DE297DA7540054E377 /* LaunchScreen.storyboard in Resources */,
				B12AB8DB297DA7540054E377 /* Assets.xcassets in Resources */,
				B12AB8D9297DA7520054E377 /* Main.storyboard in Resources */,
			);
			runOnlyForDeploymentPostprocessing = 0;
		};
/* End PBXResourcesBuildPhase section */

/* Begin PBXShellScriptBuildPhase section */
		BEF4D0840786281E3A3E7131 /* [CP] Check Pods Manifest.lock */ = {
			isa = PBXShellScriptBuildPhase;
			buildActionMask = 2147483647;
			files = (
			);
			inputFileListPaths = (
			);
			inputPaths = (
				"${PODS_PODFILE_DIR_PATH}/Podfile.lock",
				"${PODS_ROOT}/Manifest.lock",
			);
			name = "[CP] Check Pods Manifest.lock";
			outputFileListPaths = (
			);
			outputPaths = (
				"$(DERIVED_FILE_DIR)/Pods-CFT Notes-checkManifestLockResult.txt",
			);
			runOnlyForDeploymentPostprocessing = 0;
			shellPath = /bin/sh;
			shellScript = "diff \"${PODS_PODFILE_DIR_PATH}/Podfile.lock\" \"${PODS_ROOT}/Manifest.lock\" > /dev/null\nif [ $? != 0 ] ; then\n    # print error to STDERR\n    echo \"error: The sandbox is not in sync with the Podfile.lock. Run 'pod install' or update your CocoaPods installation.\" >&2\n    exit 1\nfi\n# This output is used by Xcode 'outputs' to avoid re-running this script phase.\necho \"SUCCESS\" > \"${SCRIPT_OUTPUT_FILE_0}\"\n";
			showEnvVarsInLog = 0;
		};
		E1277A8BC4A8598B3091A433 /* [CP] Embed Pods Frameworks */ = {
			isa = PBXShellScriptBuildPhase;
			buildActionMask = 2147483647;
			files = (
			);
			inputFileListPaths = (
				"${PODS_ROOT}/Target Support Files/Pods-CFT Notes/Pods-CFT Notes-frameworks-${CONFIGURATION}-input-files.xcfilelist",
			);
			name = "[CP] Embed Pods Frameworks";
			outputFileListPaths = (
				"${PODS_ROOT}/Target Support Files/Pods-CFT Notes/Pods-CFT Notes-frameworks-${CONFIGURATION}-output-files.xcfilelist",
			);
			runOnlyForDeploymentPostprocessing = 0;
			shellPath = /bin/sh;
			shellScript = "\"${PODS_ROOT}/Target Support Files/Pods-CFT Notes/Pods-CFT Notes-frameworks.sh\"\n";
			showEnvVarsInLog = 0;
		};
/* End PBXShellScriptBuildPhase section */

/* Begin PBXSourcesBuildPhase section */
		B12AB8CA297DA7520054E377 /* Sources */ = {
			isa = PBXSourcesBuildPhase;
			buildActionMask = 2147483647;
			files = (
				B1CE745E2981C45C0035E7F1 /* СreateNoteViewController.swift in Sources */,
				B1CE745C29806DE00035E7F1 /* createElements.swift in Sources */,
				B12AB8D2297DA7520054E377 /* AppDelegate.swift in Sources */,
				B12AB8D4297DA7520054E377 /* SceneDelegate.swift in Sources */,
				B1CE745A297F04FC0035E7F1 /* NotesViewController.swift in Sources */,
			);
			runOnlyForDeploymentPostprocessing = 0;
		};
/* End PBXSourcesBuildPhase section */

/* Begin PBXVariantGroup section */
		B12AB8D7297DA7520054E377 /* Main.storyboard */ = {
			isa = PBXVariantGroup;
			children = (
				B12AB8D8297DA7520054E377 /* Base */,
			);
			name = Main.storyboard;
			sourceTree = "<group>";
		};
		B12AB8DC297DA7540054E377 /* LaunchScreen.storyboard */ = {
			isa = PBXVariantGroup;
			children = (
				B12AB8DD297DA7540054E377 /* Base */,
			);
			name = LaunchScreen.storyboard;
			sourceTree = "<group>";
		};
/* End PBXVariantGroup section */

/* Begin XCBuildConfiguration section */
		B12AB8E0297DA7540054E377 /* Debug */ = {
			isa = XCBuildConfiguration;
			buildSettings = {
				ALWAYS_SEARCH_USER_PATHS = NO;
				CLANG_ANALYZER_NONNULL = YES;
				CLANG_ANALYZER_NUMBER_OBJECT_CONVERSION = YES_AGGRESSIVE;
				CLANG_CXX_LANGUAGE_STANDARD = "gnu++20";
				CLANG_ENABLE_MODULES = YES;
				CLANG_ENABLE_OBJC_ARC = YES;
				CLANG_ENABLE_OBJC_WEAK = YES;
				CLANG_WARN_BLOCK_CAPTURE_AUTORELEASING = YES;
				CLANG_WARN_BOOL_CONVERSION = YES;
				CLANG_WARN_COMMA = YES;
				CLANG_WARN_CONSTANT_CONVERSION = YES;
				CLANG_WARN_DEPRECATED_OBJC_IMPLEMENTATIONS = YES;
				CLANG_WARN_DIRECT_OBJC_ISA_USAGE = YES_ERROR;
				CLANG_WARN_DOCUMENTATION_COMMENTS = YES;
				CLANG_WARN_EMPTY_BODY = YES;
				CLANG_WARN_ENUM_CONVERSION = YES;
				CLANG_WARN_INFINITE_RECURSION = YES;
				CLANG_WARN_INT_CONVERSION = YES;
				CLANG_WARN_NON_LITERAL_NULL_CONVERSION = YES;
				CLANG_WARN_OBJC_IMPLICIT_RETAIN_SELF = YES;
				CLANG_WARN_OBJC_LITERAL_CONVERSION = YES;
				CLANG_WARN_OBJC_ROOT_CLASS = YES_ERROR;
				CLANG_WARN_QUOTED_INCLUDE_IN_FRAMEWORK_HEADER = YES;
				CLANG_WARN_RANGE_LOOP_ANALYSIS = YES;
				CLANG_WARN_STRICT_PROTOTYPES = YES;
				CLANG_WARN_SUSPICIOUS_MOVE = YES;
				CLANG_WARN_UNGUARDED_AVAILABILITY = YES_AGGRESSIVE;
				CLANG_WARN_UNREACHABLE_CODE = YES;
				CLANG_WARN__DUPLICATE_METHOD_MATCH = YES;
				COPY_PHASE_STRIP = NO;
				DEBUG_INFORMATION_FORMAT = dwarf;
				ENABLE_STRICT_OBJC_MSGSEND = YES;
				ENABLE_TESTABILITY = YES;
				GCC_C_LANGUAGE_STANDARD = gnu11;
				GCC_DYNAMIC_NO_PIC = NO;
				GCC_NO_COMMON_BLOCKS = YES;
				GCC_OPTIMIZATION_LEVEL = 0;
				GCC_PREPROCESSOR_DEFINITIONS = (
					"DEBUG=1",
					"$(inherited)",
				);
				GCC_WARN_64_TO_32_BIT_CONVERSION = YES;
				GCC_WARN_ABOUT_RETURN_TYPE = YES_ERROR;
				GCC_WARN_UNDECLARED_SELECTOR = YES;
				GCC_WARN_UNINITIALIZED_AUTOS = YES_AGGRESSIVE;
				GCC_WARN_UNUSED_FUNCTION = YES;
				GCC_WARN_UNUSED_VARIABLE = YES;
				IPHONEOS_DEPLOYMENT_TARGET = 16.0;
				MTL_ENABLE_DEBUG_INFO = INCLUDE_SOURCE;
				MTL_FAST_MATH = YES;
				ONLY_ACTIVE_ARCH = YES;
				SDKROOT = iphoneos;
				SWIFT_ACTIVE_COMPILATION_CONDITIONS = DEBUG;
				SWIFT_OPTIMIZATION_LEVEL = "-Onone";
			};
			name = Debug;
		};
		B12AB8E1297DA7540054E377 /* Release */ = {
			isa = XCBuildConfiguration;
			buildSettings = {
				ALWAYS_SEARCH_USER_PATHS = NO;
				CLANG_ANALYZER_NONNULL = YES;
				CLANG_ANALYZER_NUMBER_OBJECT_CONVERSION = YES_AGGRESSIVE;
				CLANG_CXX_LANGUAGE_STANDARD = "gnu++20";
				CLANG_ENABLE_MODULES = YES;
				CLANG_ENABLE_OBJC_ARC = YES;
				CLANG_ENABLE_OBJC_WEAK = YES;
				CLANG_WARN_BLOCK_CAPTURE_AUTORELEASING = YES;
				CLANG_WARN_BOOL_CONVERSION = YES;
				CLANG_WARN_COMMA = YES;
				CLANG_WARN_CONSTANT_CONVERSION = YES;
				CLANG_WARN_DEPRECATED_OBJC_IMPLEMENTATIONS = YES;
				CLANG_WARN_DIRECT_OBJC_ISA_USAGE = YES_ERROR;
				CLANG_WARN_DOCUMENTATION_COMMENTS = YES;
				CLANG_WARN_EMPTY_BODY = YES;
				CLANG_WARN_ENUM_CONVERSION = YES;
				CLANG_WARN_INFINITE_RECURSION = YES;
				CLANG_WARN_INT_CONVERSION = YES;
				CLANG_WARN_NON_LITERAL_NULL_CONVERSION = YES;
				CLANG_WARN_OBJC_IMPLICIT_RETAIN_SELF = YES;
				CLANG_WARN_OBJC_LITERAL_CONVERSION = YES;
				CLANG_WARN_OBJC_ROOT_CLASS = YES_ERROR;
				CLANG_WARN_QUOTED_INCLUDE_IN_FRAMEWORK_HEADER = YES;
				CLANG_WARN_RANGE_LOOP_ANALYSIS = YES;
				CLANG_WARN_STRICT_PROTOTYPES = YES;
				CLANG_WARN_SUSPICIOUS_MOVE = YES;
				CLANG_WARN_UNGUARDED_AVAILABILITY = YES_AGGRESSIVE;
				CLANG_WARN_UNREACHABLE_CODE = YES;
				CLANG_WARN__DUPLICATE_METHOD_MATCH = YES;
				COPY_PHASE_STRIP = NO;
				DEBUG_INFORMATION_FORMAT = "dwarf-with-dsym";
				ENABLE_NS_ASSERTIONS = NO;
				ENABLE_STRICT_OBJC_MSGSEND = YES;
				GCC_C_LANGUAGE_STANDARD = gnu11;
				GCC_NO_COMMON_BLOCKS = YES;
				GCC_WARN_64_TO_32_BIT_CONVERSION = YES;
				GCC_WARN_ABOUT_RETURN_TYPE = YES_ERROR;
				GCC_WARN_UNDECLARED_SELECTOR = YES;
				GCC_WARN_UNINITIALIZED_AUTOS = YES_AGGRESSIVE;
				GCC_WARN_UNUSED_FUNCTION = YES;
				GCC_WARN_UNUSED_VARIABLE = YES;
				IPHONEOS_DEPLOYMENT_TARGET = 16.0;
				MTL_ENABLE_DEBUG_INFO = NO;
				MTL_FAST_MATH = YES;
				SDKROOT = iphoneos;
				SWIFT_COMPILATION_MODE = wholemodule;
				SWIFT_OPTIMIZATION_LEVEL = "-O";
				VALIDATE_PRODUCT = YES;
			};
			name = Release;
		};
		B12AB8E3297DA7540054E377 /* Debug */ = {
			isa = XCBuildConfiguration;
			baseConfigurationReference = C6B414D77111987AC26BFE75 /* Pods-CFT Notes.debug.xcconfig */;
			buildSettings = {
				ASSETCATALOG_COMPILER_APPICON_NAME = AppIcon;
				ASSETCATALOG_COMPILER_GLOBAL_ACCENT_COLOR_NAME = AccentColor;
				CODE_SIGN_STYLE = Automatic;
				CURRENT_PROJECT_VERSION = 1;
				DEVELOPMENT_TEAM = 2V4WZ552YS;
				GENERATE_INFOPLIST_FILE = YES;
				INFOPLIST_FILE = "CFT Notes/Info.plist";
				INFOPLIST_KEY_UIApplicationSupportsIndirectInputEvents = YES;
				INFOPLIST_KEY_UILaunchStoryboardName = LaunchScreen;
				INFOPLIST_KEY_UIMainStoryboardFile = Main;
				INFOPLIST_KEY_UISupportedInterfaceOrientations_iPad = "UIInterfaceOrientationPortrait UIInterfaceOrientationPortraitUpsideDown UIInterfaceOrientationLandscapeLeft UIInterfaceOrientationLandscapeRight";
				INFOPLIST_KEY_UISupportedInterfaceOrientations_iPhone = "UIInterfaceOrientationPortrait UIInterfaceOrientationLandscapeLeft UIInterfaceOrientationLandscapeRight";
				IPHONEOS_DEPLOYMENT_TARGET = 15.5;
				LD_RUNPATH_SEARCH_PATHS = (
					"$(inherited)",
					"@executable_path/Frameworks",
				);
				MARKETING_VERSION = 1.0;
				PRODUCT_BUNDLE_IDENTIFIER = "RomkaZobnin.CFT-Notes";
				PRODUCT_NAME = "$(TARGET_NAME)";
				SWIFT_EMIT_LOC_STRINGS = YES;
				SWIFT_VERSION = 5.0;
				TARGETED_DEVICE_FAMILY = "1,2";
			};
			name = Debug;
		};
		B12AB8E4297DA7540054E377 /* Release */ = {
			isa = XCBuildConfiguration;
			baseConfigurationReference = DAA442F9E259B55E113198FF /* Pods-CFT Notes.release.xcconfig */;
			buildSettings = {
				ASSETCATALOG_COMPILER_APPICON_NAME = AppIcon;
				ASSETCATALOG_COMPILER_GLOBAL_ACCENT_COLOR_NAME = AccentColor;
				CODE_SIGN_STYLE = Automatic;
				CURRENT_PROJECT_VERSION = 1;
				DEVELOPMENT_TEAM = 2V4WZ552YS;
				GENERATE_INFOPLIST_FILE = YES;
				INFOPLIST_FILE = "CFT Notes/Info.plist";
				INFOPLIST_KEY_UIApplicationSupportsIndirectInputEvents = YES;
				INFOPLIST_KEY_UILaunchStoryboardName = LaunchScreen;
				INFOPLIST_KEY_UIMainStoryboardFile = Main;
				INFOPLIST_KEY_UISupportedInterfaceOrientations_iPad = "UIInterfaceOrientationPortrait UIInterfaceOrientationPortraitUpsideDown UIInterfaceOrientationLandscapeLeft UIInterfaceOrientationLandscapeRight";
				INFOPLIST_KEY_UISupportedInterfaceOrientations_iPhone = "UIInterfaceOrientationPortrait UIInterfaceOrientationLandscapeLeft UIInterfaceOrientationLandscapeRight";
				IPHONEOS_DEPLOYMENT_TARGET = 15.5;
				LD_RUNPATH_SEARCH_PATHS = (
					"$(inherited)",
					"@executable_path/Frameworks",
				);
				MARKETING_VERSION = 1.0;
				PRODUCT_BUNDLE_IDENTIFIER = "RomkaZobnin.CFT-Notes";
				PRODUCT_NAME = "$(TARGET_NAME)";
				SWIFT_EMIT_LOC_STRINGS = YES;
				SWIFT_VERSION = 5.0;
				TARGETED_DEVICE_FAMILY = "1,2";
			};
			name = Release;
		};
/* End XCBuildConfiguration section */

/* Begin XCConfigurationList section */
		B12AB8C9297DA7520054E377 /* Build configuration list for PBXProject "CFT Notes" */ = {
			isa = XCConfigurationList;
			buildConfigurations = (
				B12AB8E0297DA7540054E377 /* Debug */,
				B12AB8E1297DA7540054E377 /* Release */,
			);
			defaultConfigurationIsVisible = 0;
			defaultConfigurationName = Release;
		};
		B12AB8E2297DA7540054E377 /* Build configuration list for PBXNativeTarget "CFT Notes" */ = {
			isa = XCConfigurationList;
			buildConfigurations = (
				B12AB8E3297DA7540054E377 /* Debug */,
				B12AB8E4297DA7540054E377 /* Release */,
			);
			defaultConfigurationIsVisible = 0;
			defaultConfigurationName = Release;
		};
/* End XCConfigurationList section */
	};
	rootObject = B12AB8C6297DA7520054E377 /* Project object */;
}
